PODS:
  - Flutter (1.0.0)
  - flutter_local_notifications (0.0.1):
    - Flutter
  - flutter_statusbarcolor (0.0.1):
    - Flutter
  - shared_preferences (0.0.1):
    - Flutter
  - square_in_app_payments (1.2.0):
    - Flutter
    - SquareInAppPaymentsSDK (= 1.2.0)
  - SquareInAppPaymentsSDK (1.2.0)

DEPENDENCIES:
  - Flutter (from `Flutter`)
  - flutter_local_notifications (from `.symlinks/plugins/flutter_local_notifications/ios`)
  - flutter_statusbarcolor (from `.symlinks/plugins/flutter_statusbarcolor/ios`)
  - shared_preferences (from `.symlinks/plugins/shared_preferences/ios`)
  - square_in_app_payments (from `.symlinks/plugins/square_in_app_payments/ios`)

SPEC REPOS:
  trunk:
    - SquareInAppPaymentsSDK

EXTERNAL SOURCES:
  Flutter:
    :path: Flutter
  flutter_local_notifications:
    :path: ".symlinks/plugins/flutter_local_notifications/ios"
  flutter_statusbarcolor:
    :path: ".symlinks/plugins/flutter_statusbarcolor/ios"
  shared_preferences:
    :path: ".symlinks/plugins/shared_preferences/ios"
  square_in_app_payments:
    :path: ".symlinks/plugins/square_in_app_payments/ios"

SPEC CHECKSUMS:
  Flutter: 0e3d915762c693b495b44d77113d4970485de6ec
  flutter_local_notifications: 9e4738ce2471c5af910d961a6b7eadcf57c50186
  flutter_statusbarcolor: 8afb1071ed8c58be929f1e32b36c629771fd2259
  shared_preferences: 430726339841afefe5142b9c1f50cb6bd7793e01
  square_in_app_payments: 5147612bdab7ae2861e4281853ea0b1fc50823bb
  SquareInAppPaymentsSDK: 4cd8143cfb21f2050cc6252596a1b8c910ad2fb9

PODFILE CHECKSUM: 3dbe063e9c90a5d7c9e4e76e70a821b9e2c1d271

COCOAPODS: 1.8.3
